
Microsoft Visual Studio Solution File, Format Version 12.00
# Visual Studio Version 17
VisualStudioVersion = 17.1.32328.378
MinimumVisualStudioVersion = 10.0.40219.1
Project("{FAE04EC0-301F-11D3-BF4B-00C04F79EFBC}") = "DAL_SN", "DAL_SN\DAL_SN.csproj", "{9482C6EA-5458-4935-8A5F-65579914CEAF}"
EndProject
Project("{FAE04EC0-301F-11D3-BF4B-00C04F79EFBC}") = "Models_SN", "Models_SN\Models_SN.csproj", "{03FA470A-17CC-4AD8-84A0-4C8631D1AA38}"
EndProject
Project("{FAE04EC0-301F-11D3-BF4B-00C04F79EFBC}") = "WindowsForms_SN", "WindowsForms_SN\WindowsForms_SN.csproj", "{492F4F54-491F-4E41-9B73-C58F3572331B}"
EndProject
Project("{FAE04EC0-301F-11D3-BF4B-00C04F79EFBC}") = "BLL_SN", "BLL_SN\BLL_SN.csproj", "{3C4BF438-AF6E-43F4-BF9D-198CA98C2E99}"
EndProject
Global
	GlobalSection(SolutionConfigurationPlatforms) = preSolution
		Debug|Any CPU = Debug|Any CPU
		Release|Any CPU = Release|Any CPU
	EndGlobalSection
	GlobalSection(ProjectConfigurationPlatforms) = postSolution
		{9482C6EA-5458-4935-8A5F-65579914CEAF}.Debug|Any CPU.ActiveCfg = Debug|Any CPU
		{9482C6EA-5458-4935-8A5F-65579914CEAF}.Debug|Any CPU.Build.0 = Debug|Any CPU
		{9482C6EA-5458-4935-8A5F-65579914CEAF}.Release|Any CPU.ActiveCfg = Release|Any CPU
		{9482C6EA-5458-4935-8A5F-65579914CEAF}.Release|Any CPU.Build.0 = Release|Any CPU
		{03FA470A-17CC-4AD8-84A0-4C8631D1AA38}.Debug|Any CPU.ActiveCfg = Debug|Any CPU
		{03FA470A-17CC-4AD8-84A0-4C8631D1AA38}.Debug|Any CPU.Build.0 = Debug|Any CPU
		{03FA470A-17CC-4AD8-84A0-4C8631D1AA38}.Release|Any CPU.ActiveCfg = Release|Any CPU
		{03FA470A-17CC-4AD8-84A0-4C8631D1AA38}.Release|Any CPU.Build.0 = Release|Any CPU
		{492F4F54-491F-4E41-9B73-C58F3572331B}.Debug|Any CPU.ActiveCfg = Debug|Any CPU
		{492F4F54-491F-4E41-9B73-C58F3572331B}.Debug|Any CPU.Build.0 = Debug|Any CPU
		{492F4F54-491F-4E41-9B73-C58F3572331B}.Release|Any CPU.ActiveCfg = Release|Any CPU
		{492F4F54-491F-4E41-9B73-C58F3572331B}.Release|Any CPU.Build.0 = Release|Any CPU
		{3C4BF438-AF6E-43F4-BF9D-198CA98C2E99}.Debug|Any CPU.ActiveCfg = Debug|Any CPU
		{3C4BF438-AF6E-43F4-BF9D-198CA98C2E99}.Debug|Any CPU.Build.0 = Debug|Any CPU
		{3C4BF438-AF6E-43F4-BF9D-198CA98C2E99}.Release|Any CPU.ActiveCfg = Release|Any CPU
		{3C4BF438-AF6E-43F4-BF9D-198CA98C2E99}.Release|Any CPU.Build.0 = Release|Any CPU
	EndGlobalSection
	GlobalSection(SolutionProperties) = preSolution
		HideSolutionNode = FALSE
	EndGlobalSection
	GlobalSection(ExtensibilityGlobals) = postSolution
		SolutionGuid = {4819DBD0-AA29-4D76-AB2C-95F3E3231797}
	EndGlobalSection
EndGlobal
